
Microsoft Visual Studio Solution File, Format Version 12.00
# Visual Studio 15
VisualStudioVersion = 15.0.27703.2026
MinimumVisualStudioVersion = 10.0.40219.1
Project("{FAE04EC0-301F-11D3-BF4B-00C04F79EFBC}") = "DemoWindowsFormsApp", "DemoWindowsFormsApp\DemoWindowsFormsApp.csproj", "{396FFEAF-FE31-4F96-AA04-019365FC89FE}"
EndProject
Global
	GlobalSection(SolutionConfigurationPlatforms) = preSolution
		Debug|Any CPU = Debug|Any CPU
		Release|Any CPU = Release|Any CPU
	EndGlobalSection
	GlobalSection(ProjectConfigurationPlatforms) = postSolution
		{396FFEAF-FE31-4F96-AA04-019365FC89FE}.Debug|Any CPU.ActiveCfg = Debug|Any CPU
		{396FFEAF-FE31-4F96-AA04-019365FC89FE}.Debug|Any CPU.Build.0 = Debug|Any CPU
		{396FFEAF-FE31-4F96-AA04-019365FC89FE}.Release|Any CPU.ActiveCfg = Release|Any CPU
		{396FFEAF-FE31-4F96-AA04-019365FC89FE}.Release|Any CPU.Build.0 = Release|Any CPU
	EndGlobalSection
	GlobalSection(SolutionProperties) = preSolution
		HideSolutionNode = FALSE
	EndGlobalSection
	GlobalSection(ExtensibilityGlobals) = postSolution
		SolutionGuid = {349B992F-26AC-4389-95EA-C35079EDC686}
	EndGlobalSection
EndGlobal
